
Microsoft Visual Studio Solution File, Format Version 12.00
# Visual Studio Version 17
VisualStudioVersion = 17.0.31903.59
MinimumVisualStudioVersion = 10.0.40219.1
Project("{9A19103F-16F7-4668-BE54-9A1E7A4F7556}") = "Investahoot.Web", "Investahoot.Web\Investahoot.Web.csproj", "{B4B10A19-B918-40A3-87D2-116E2B361B55}"
EndProject
Project("{FAE04EC0-301F-11D3-BF4B-00C04F79EFBC}") = "Investahoot.Model", "Investahoot.Model\Investahoot.Model.csproj", "{97416B87-E581-4F1C-A80B-B497DEEB9DD6}"
EndProject
Global
	GlobalSection(SolutionConfigurationPlatforms) = preSolution
		Debug|Any CPU = Debug|Any CPU
		Release|Any CPU = Release|Any CPU
	EndGlobalSection
	GlobalSection(ProjectConfigurationPlatforms) = postSolution
		{B4B10A19-B918-40A3-87D2-116E2B361B55}.Debug|Any CPU.ActiveCfg = Debug|Any CPU
		{B4B10A19-B918-40A3-87D2-116E2B361B55}.Debug|Any CPU.Build.0 = Debug|Any CPU
		{B4B10A19-B918-40A3-87D2-116E2B361B55}.Release|Any CPU.ActiveCfg = Release|Any CPU
		{B4B10A19-B918-40A3-87D2-116E2B361B55}.Release|Any CPU.Build.0 = Release|Any CPU
		{97416B87-E581-4F1C-A80B-B497DEEB9DD6}.Debug|Any CPU.ActiveCfg = Debug|Any CPU
		{97416B87-E581-4F1C-A80B-B497DEEB9DD6}.Debug|Any CPU.Build.0 = Debug|Any CPU
		{97416B87-E581-4F1C-A80B-B497DEEB9DD6}.Release|Any CPU.ActiveCfg = Release|Any CPU
		{97416B87-E581-4F1C-A80B-B497DEEB9DD6}.Release|Any CPU.Build.0 = Release|Any CPU
	EndGlobalSection
	GlobalSection(SolutionProperties) = preSolution
		HideSolutionNode = FALSE
	EndGlobalSection
	GlobalSection(ExtensibilityGlobals) = postSolution
		SolutionGuid = {329C984A-CCFA-4FF0-BCA0-2B25BC530A52}
	EndGlobalSection
EndGlobal
